<?xml version="1.0" encoding="utf-8"?>
<Project ToolsVersion="4.0" xmlns="http://schemas.microsoft.com/developer/msbuild/2003">
  <ItemGroup>
    <Filter Include="소스 파일">
      <UniqueIdentifier>{4FC737F1-C7A5-4376-A066-2A32D752A2FF}</UniqueIdentifier>
      <Extensions>cpp;c;cc;cxx;def;odl;idl;hpj;bat;asm;asmx</Extensions>
    </Filter>
    <Filter Include="헤더 파일">
      <UniqueIdentifier>{93995380-89BD-4b04-88EB-625FBE52EBFB}</UniqueIdentifier>
      <Extensions>h;hh;hpp;hxx;hm;inl;inc;ipp;xsd</Extensions>
    </Filter>
    <Filter Include="리소스 파일">
      <UniqueIdentifier>{67DA6AB6-F800-4c08-8B7A-83BB121AAD01}</UniqueIdentifier>
      <Extensions>rc;ico;cur;bmp;dlg;rc2;rct;bin;rgs;gif;jpg;jpeg;jpe;resx;tiff;tif;png;wav;mfcribbon-ms</Extensions>
    </Filter>
    <Filter Include="Shader">
      <UniqueIdentifier>{4ca50e76-2e2e-4b87-a6dd-df2785ac2406}</UniqueIdentifier>
    </Filter>
    <Filter Include="Map">
      <UniqueIdentifier>{878ae194-c5ff-4541-a3e3-ef72749fea35}</UniqueIdentifier>
    </Filter>
  </ItemGroup>
  <ItemGroup>
    <ClCompile Include="XCore.cpp">
      <Filter>소스 파일</Filter>
    </ClCompile>
    <ClCompile Include="XTimer.cpp">
      <Filter>소스 파일</Filter>
    </ClCompile>
    <ClCompile Include="XWindow.cpp">
      <Filter>소스 파일</Filter>
    </ClCompile>
    <ClCompile Include="XDevice.cpp">
      <Filter>소스 파일</Filter>
    </ClCompile>
    <ClCompile Include="XDxWrite.cpp">
      <Filter>소스 파일</Filter>
    </ClCompile>
    <ClCompile Include="XDxState.cpp">
      <Filter>소스 파일</Filter>
    </ClCompile>
    <ClCompile Include="XDxRT.cpp">
      <Filter>소스 파일</Filter>
    </ClCompile>
    <ClCompile Include="XDxHelper.cpp">
      <Filter>소스 파일</Filter>
    </ClCompile>
    <ClCompile Include="XShape.cpp">
      <Filter>소스 파일</Filter>
    </ClCompile>
    <ClCompile Include="XCamera.cpp">
      <Filter>소스 파일</Filter>
    </ClCompile>
    <ClCompile Include="XSRVManager.cpp">
      <Filter>소스 파일</Filter>
    </ClCompile>
    <ClCompile Include="XSkyBox.cpp">
      <Filter>소스 파일</Filter>
    </ClCompile>
    <ClCompile Include="XFrustum.cpp">
      <Filter>소스 파일</Filter>
    </ClCompile>
    <ClCompile Include="XSelect.cpp">
      <Filter>소스 파일</Filter>
    </ClCompile>
    <ClCompile Include="XQuadTree.cpp">
      <Filter>Map</Filter>
    </ClCompile>
    <ClCompile Include="XMap.cpp">
      <Filter>Map</Filter>
    </ClCompile>
    <ClCompile Include="XQuadTreeIndex.cpp">
      <Filter>Map</Filter>
    </ClCompile>
    <ClCompile Include="XMapController.cpp">
      <Filter>Map</Filter>
    </ClCompile>
    <ClCompile Include="XHeightMapController.cpp">
      <Filter>Map</Filter>
    </ClCompile>
    <ClCompile Include="XTileRender.cpp">
      <Filter>Map</Filter>
    </ClCompile>
    <ClCompile Include="XSpreatController.cpp">
      <Filter>Map</Filter>
    </ClCompile>
    <ClCompile Include="XInput.cpp">
      <Filter>소스 파일</Filter>
    </ClCompile>
  </ItemGroup>
  <ItemGroup>
    <ClInclude Include="XCore.h">
      <Filter>헤더 파일</Filter>
    </ClInclude>
    <ClInclude Include="XStd.h">
      <Filter>헤더 파일</Filter>
    </ClInclude>
    <ClInclude Include="XTimer.h">
      <Filter>헤더 파일</Filter>
    </ClInclude>
    <ClInclude Include="XWindow.h">
      <Filter>헤더 파일</Filter>
    </ClInclude>
    <ClInclude Include="XDevice.h">
      <Filter>헤더 파일</Filter>
    </ClInclude>
    <ClInclude Include="XDxWrite.h">
      <Filter>헤더 파일</Filter>
    </ClInclude>
    <ClInclude Include="XDxState.h">
      <Filter>헤더 파일</Filter>
    </ClInclude>
    <ClInclude Include="XDxRT.h">
      <Filter>헤더 파일</Filter>
    </ClInclude>
    <ClInclude Include="XDxHelper.h">
      <Filter>헤더 파일</Filter>
    </ClInclude>
    <ClInclude Include="XShape.h">
      <Filter>헤더 파일</Filter>
    </ClInclude>
    <ClInclude Include="XCamera.h">
      <Filter>헤더 파일</Filter>
    </ClInclude>
    <ClInclude Include="XSRVManager.h">
      <Filter>헤더 파일</Filter>
    </ClInclude>
    <ClInclude Include="XSkyBox.h">
      <Filter>헤더 파일</Filter>
    </ClInclude>
    <ClInclude Include="XFrustum.h">
      <Filter>헤더 파일</Filter>
    </ClInclude>
    <ClInclude Include="XSelect.h">
      <Filter>헤더 파일</Filter>
    </ClInclude>
    <ClInclude Include="XMap.h">
      <Filter>Map</Filter>
    </ClInclude>
    <ClInclude Include="XQuadTree.h">
      <Filter>Map</Filter>
    </ClInclude>
    <ClInclude Include="XQuadTreeIndex.h">
      <Filter>Map</Filter>
    </ClInclude>
    <ClInclude Include="XMapController.h">
      <Filter>Map</Filter>
    </ClInclude>
    <ClInclude Include="XHeightMapController.h">
      <Filter>Map</Filter>
    </ClInclude>
    <ClInclude Include="XTileRender.h">
      <Filter>Map</Filter>
    </ClInclude>
    <ClInclude Include="XSpreatController.h">
      <Filter>Map</Filter>
    </ClInclude>
    <ClInclude Include="XInput.h">
      <Filter>헤더 파일</Filter>
    </ClInclude>
  </ItemGroup>
  <ItemGroup>
    <FxCompile Include="..\Data\Shader\Ase.hlsl">
      <Filter>Shader</Filter>
    </FxCompile>
    <FxCompile Include="..\Data\Shader\BoxShader.hlsl">
      <Filter>Shader</Filter>
    </FxCompile>
    <FxCompile Include="..\Data\Shader\LineShader.hlsl">
      <Filter>Shader</Filter>
    </FxCompile>
    <FxCompile Include="..\Data\Shader\MapShader.hlsl">
      <Filter>Shader</Filter>
    </FxCompile>
    <FxCompile Include="..\Data\Shader\MapShader_Color_Specular.hlsl">
      <Filter>Shader</Filter>
    </FxCompile>
    <FxCompile Include="..\Data\Shader\MapShader_Specular.hlsl">
      <Filter>Shader</Filter>
    </FxCompile>
    <FxCompile Include="..\Data\Shader\PlaneShader.hlsl">
      <Filter>Shader</Filter>
    </FxCompile>
    <FxCompile Include="..\Data\Shader\SkyShader_Sample_0.hlsl">
      <Filter>Shader</Filter>
    </FxCompile>
  </ItemGroup>
</Project>